# This file is autogenerated, do not edit; changes may be undone by the next 'dep ensure'.


[[projects]]
  digest = "1:9f3b30d9f8e0d7040f729b82dcbc8f0dead820a133b3147ce355fc451f32d761"
  name = "github.com/BurntSushi/toml"
  packages = ["."]
  pruneopts = "UT"
  revision = "3012a1dbe2e4bd1391d42b32f0577cb7bbc7f005"
  version = "v0.3.1"

[[projects]]
  branch = "master"
  digest = "1:067658196413b11d20f243b945b1c50d86376cdc01562442cda860cd175b5278"
  name = "github.com/ccding/go-config-reader"
  packages = ["config"]
  pruneopts = "UT"
  revision = "8b6c2b50197f20da3b1c5944c274c173634dc056"

[[projects]]
  digest = "1:0a9018c0737e632ef90ec5e72c95c353be4dd785216a9539144084e4bdcec4eb"
  name = "github.com/ccding/go-logging"
  packages = ["logging"]
  pruneopts = "UT"
  revision = "2e52dcfdd4e9fe9db620d2214c69746a4793ea83"
  version = "v0.2"

[[projects]]
  digest = "1:78074c7e204a2e3764ddfaab7cb86949d21c0c0b11f7724e09beaf5054079f3c"
  name = "github.com/esimov/pigo"
  packages = ["core"]
  pruneopts = "UT"
  revision = "792991e44c71d505c2e4bc08049d7c170489ac6f"
  version = "v1.3.0"

[[projects]]
  digest = "1:51712f342cdefcad2c867f399a3ce8223675221d4386c81cfcccd8f0656e722e"
  name = "github.com/go-telegram-bot-api/telegram-bot-api"
  packages = ["."]
  pruneopts = "UT"
  revision = "9860bdfd3a171ceafb6e1eafa163482a6ef92643"
  version = "v4.6.4"

[[projects]]
  digest = "1:cbec35fe4d5a4fba369a656a8cd65e244ea2c743007d8f6c1ccb132acf9d1296"
  name = "github.com/gorilla/mux"
  packages = ["."]
  pruneopts = "UT"
  revision = "00bdffe0f3c77e27d2cf6f5c70232a2d3e4d9c15"
  version = "v1.7.3"

[[projects]]
  digest = "1:a0216296da5c3191358b114fa8d2490477f5dff7380541551495b4f2a16989b3"
  name = "github.com/jinzhu/gorm"
  packages = [
    ".",
    "dialects/postgres",
  ]
  pruneopts = "UT"
  revision = "81c17a7e2529c59efc4e74c5b32c1fb71fb12fa2"
  version = "v1.9.11"

[[projects]]
  digest = "1:01ed62f8f4f574d8aff1d88caee113700a2b44c42351943fa73cc1808f736a50"
  name = "github.com/jinzhu/inflection"
  packages = ["."]
  pruneopts = "UT"
  revision = "f5c5f50e6090ae76a29240b61ae2a90dd810112e"
  version = "v1.0.0"

[[projects]]
  branch = "master"
  digest = "1:f433da6fbabb0bd1bd730fd340782015c644123d02eb78c20c69ce03352daad1"
  name = "github.com/kardianos/osext"
  packages = ["."]
  pruneopts = "UT"
  revision = "2bc1f35cddc0cc527b4bc3dce8578fc2a6c11384"

[[projects]]
  digest = "1:0ead8e64fe356bd9221605e3ec40b4438509868018cbbbaaaff3ebae1b69b78b"
  name = "github.com/lib/pq"
  packages = [
    ".",
    "hstore",
    "oid",
    "scram",
  ]
  pruneopts = "UT"
  revision = "3427c32cb71afc948325f299f040e53c1dd78979"
  version = "v1.2.0"

[[projects]]
  digest = "1:53bc4cd4914cd7cd52139990d5170d6dc99067ae31c56530621b18b35fc30318"
  name = "github.com/mitchellh/mapstructure"
  packages = ["."]
  pruneopts = "UT"
  revision = "3536a929edddb9a5b34bd6861dc4a9647cb459fe"
  version = "v1.1.2"

[[projects]]
  digest = "1:0dcdc1a94f2f2b0ca169176e8344bab0f74ecfefd7a51957a88a789bbd683112"
  name = "github.com/oliamb/cutter"
  packages = ["."]
  pruneopts = "UT"
  revision = "de2952ec22155c8e68bf4ac03684b1d1d734b53c"
  version = "v0.2.2"

[[projects]]
  digest = "1:7c56e4e9c4d34167c30636d4b22ac2316d74ce1d14a78bc7a828f03603d410f3"
  name = "github.com/parnurzeal/gorequest"
  packages = ["."]
  pruneopts = "UT"
  revision = "b735e503d8bf955a72baf89723cdb50ab0bd668c"
  version = "v0.2.16"

[[projects]]
  branch = "master"
  digest = "1:66a729007b3d140b10e26f0a0d3d73a6cd2c7b832f0be2992c0d36da69c5df9c"
  name = "github.com/phf/go-queue"
  packages = ["queue"]
  pruneopts = "UT"
  revision = "9abe38d0371deb4049011737cbd30e4ba80c673b"

[[projects]]
  digest = "1:cf31692c14422fa27c83a05292eb5cbe0fb2775972e8f1f8446a71549bd8980b"
  name = "github.com/pkg/errors"
  packages = ["."]
  pruneopts = "UT"
  revision = "ba968bfe8b2f7e042a574c888954fccecfa385b4"
  version = "v0.8.1"

[[projects]]
  digest = "1:274f67cb6fed9588ea2521ecdac05a6d62a8c51c074c1fccc6a49a40ba80e925"
  name = "github.com/satori/go.uuid"
  packages = ["."]
  pruneopts = "UT"
  revision = "f58768cc1a7a7e77a3bd49e98cdd21419399b6a3"
  version = "v1.2.0"

[[projects]]
  digest = "1:420817f94b6c172dabb8a054d0b2d257d7437a87c7c8c7ee432bc008a577fc46"
  name = "github.com/technoweenie/multipartstreamer"
  packages = ["."]
  pruneopts = "UT"
  revision = "a90a01d73ae432e2611d178c18367fbaa13e0154"
  version = "v1.0.1"

[[projects]]
  digest = "1:077fda3d91ee1828619d3c6034b455d867d4cf95f82fb41903f6eaf7b434b3bd"
  name = "github.com/tensorflow/tensorflow"
  packages = [
    "tensorflow/go",
    "tensorflow/go/op",
  ]
  pruneopts = "UT"
  revision = "64c3d382cadf7bbe8e7e99884bede8284ff67f56"
  version = "v2.0.0"

[[projects]]
  branch = "master"
  digest = "1:94db3c4e31e3144080003ac21bdd0f6d5c05f466da7e634e101ba0e12943f5d3"
  name = "golang.org/x/image"
  packages = ["bmp"]
  pruneopts = "UT"
  revision = "e7c1f5e7dbb87d8921928a6d9fc52fb31ce73b24"

[[projects]]
  branch = "master"
  digest = "1:b1291957e6bd4eee4687152a2bb93963cbec296aba40c957e6012c94358eee44"
  name = "golang.org/x/net"
  packages = [
    "idna",
    "internal/socks",
    "proxy",
    "publicsuffix",
  ]
  pruneopts = "UT"
  revision = "380dde419d290c41960e262a7fbcbc059d70c4e3"

[[projects]]
  digest = "1:8d8faad6b12a3a4c819a3f9618cb6ee1fa1cfc33253abeeea8b55336721e3405"
  name = "golang.org/x/text"
  packages = [
    "collate",
    "collate/build",
    "internal/colltab",
    "internal/gen",
    "internal/language",
    "internal/language/compact",
    "internal/tag",
    "internal/triegen",
    "internal/ucd",
    "language",
    "secure/bidirule",
    "transform",
    "unicode/bidi",
    "unicode/cldr",
    "unicode/norm",
    "unicode/rangetable",
  ]
  pruneopts = "UT"
  revision = "342b2e1fbaa52c93f31447ad2c6abc048c63e475"
  version = "v0.3.2"

[[projects]]
  digest = "1:dcf3f88f6708650807512eef67b77f7547f992475df5ae6534eeec778cf9744b"
  name = "moul.io/http2curl"
  packages = ["."]
  pruneopts = "UT"
  revision = "5cd742060b0e0de91f875277b77dd7d7e68b23ca"
  version = "v2"

[solve-meta]
  analyzer-name = "dep"
  analyzer-version = 1
  input-imports = [
    "github.com/BurntSushi/toml",
    "github.com/ccding/go-logging/logging",
    "github.com/esimov/pigo/core",
    "github.com/go-telegram-bot-api/telegram-bot-api",
    "github.com/gorilla/mux",
    "github.com/jinzhu/gorm",
    "github.com/jinzhu/gorm/dialects/postgres",
    "github.com/mitchellh/mapstructure",
    "github.com/oliamb/cutter",
    "github.com/parnurzeal/gorequest",
    "github.com/phf/go-queue/queue",
    "github.com/satori/go.uuid",
    "github.com/tensorflow/tensorflow/tensorflow/go",
    "github.com/tensorflow/tensorflow/tensorflow/go/op",
    "golang.org/x/image/bmp",
    "golang.org/x/net/proxy",
  ]
  solver-name = "gps-cdcl"
  solver-version = 1
